// !$*UTF8*$!
{
	archiveVersion = 1;
	classes = {
	};
	objectVersion = 46;
	objects = {

/* Begin PBXBuildFile section */
		F9D14CDF1DEEEB61002E4B89 /* main.m in Sources */ = {isa = PBXBuildFile; fileRef = F9D14CDE1DEEEB61002E4B89 /* main.m */; };
		F9D14CE21DEEEB61002E4B89 /* AppDelegate.m in Sources */ = {isa = PBXBuildFile; fileRef = F9D14CE11DEEEB61002E4B89 /* AppDelegate.m */; };
		F9D14CE51DEEEB61002E4B89 /* ViewController.m in Sources */ = {isa = PBXBuildFile; fileRef = F9D14CE41DEEEB61002E4B89 /* ViewController.m */; };
		F9D14CE81DEEEB61002E4B89 /* Main.storyboard in Resources */ = {isa = PBXBuildFile; fileRef = F9D14CE61DEEEB61002E4B89 /* Main.storyboard */; };
		F9D14CEA1DEEEB61002E4B89 /* Assets.xcassets in Resources */ = {isa = PBXBuildFile; fileRef = F9D14CE91DEEEB61002E4B89 /* Assets.xcassets */; };
		F9D14CED1DEEEB61002E4B89 /* LaunchScreen.storyboard in Resources */ = {isa = PBXBuildFile; fileRef = F9D14CEB1DEEEB61002E4B89 /* LaunchScreen.storyboard */; };
/* End PBXBuildFile section */

/* Begin PBXFileReference section */
		F9D14CDA1DEEEB61002E4B89 /* DHNCalender.app */ = {isa = PBXFileReference; explicitFileType = wrapper.application; includeInIndex = 0; path = DHNCalender.app; sourceTree = BUILT_PRODUCTS_DIR; };
		F9D14CDE1DEEEB61002E4B89 /* main.m */ = {isa = PBXFileReference; lastKnownFileType = sourcecode.c.objc; path = main.m; sourceTree = "<group>"; };
		F9D14CE01DEEEB61002E4B89 /* AppDelegate.h */ = {isa = PBXFileReference; lastKnownFileType = sourcecode.c.h; path = AppDelegate.h; sourceTree = "<group>"; };
		F9D14CE11DEEEB61002E4B89 /* AppDelegate.m */ = {isa = PBXFileReference; lastKnownFileType = sourcecode.c.objc; path = AppDelegate.m; sourceTree = "<group>"; };
		F9D14CE31DEEEB61002E4B89 /* ViewController.h */ = {isa = PBXFileReference; lastKnownFileType = sourcecode.c.h; path = ViewController.h; sourceTree = "<group>"; };
		F9D14CE41DEEEB61002E4B89 /* ViewController.m */ = {isa = PBXFileReference; lastKnownFileType = sourcecode.c.objc; path = ViewController.m; sourceTree = "<group>"; };
		F9D14CE71DEEEB61002E4B89 /* Base */ = {isa = PBXFileReference; lastKnownFileType = file.storyboard; name = Base; path = Base.lproj/Main.storyboard; sourceTree = "<group>"; };
		F9D14CE91DEEEB61002E4B89 /* Assets.xcassets */ = {isa = PBXFileReference; lastKnownFileType = folder.assetcatalog; path = Assets.xcassets; sourceTree = "<group>"; };
		F9D14CEC1DEEEB61002E4B89 /* Base */ = {isa = PBXFileReference; lastKnownFileType = file.storyboard; name = Base; path = Base.lproj/LaunchScreen.storyboard; sourceTree = "<group>"; };
		F9D14CEE1DEEEB61002E4B89 /* Info.plist */ = {isa = PBXFileReference; lastKnownFileType = text.plist.xml; path = Info.plist; sourceTree = "<group>"; };
/* End PBXFileReference section */

/* Begin PBXFrameworksBuildPhase section */
		F9D14CD71DEEEB61002E4B89 /* Frameworks */ = {
			isa = PBXFrameworksBuildPhase;
			buildActionMask = 2147483647;
			files = (
			);
			runOnlyForDeploymentPostprocessing = 0;
		};
/* End PBXFrameworksBuildPhase section */

/* Begin PBXGroup section */
		F9D14CD11DEEEB61002E4B89 = {
			isa = PBXGroup;
			children = (
				F9D14CDC1DEEEB61002E4B89 /* DHNCalender */,
				F9D14CDB1DEEEB61002E4B89 /* Products */,
			);
			sourceTree = "<group>";
		};
		F9D14CDB1DEEEB61002E4B89 /* Products */ = {
			isa = PBXGroup;
			children = (
				F9D14CDA1DEEEB61002E4B89 /* DHNCalender.app */,
			);
			name = Products;
			sourceTree = "<group>";
		};
		F9D14CDC1DEEEB61002E4B89 /* DHNCalender */ = {
			isa = PBXGroup;
			children = (
				F9D14CE01DEEEB61002E4B89 /* AppDelegate.h */,
				F9D14CE11DEEEB61002E4B89 /* AppDelegate.m */,
				F9D14CE31DEEEB61002E4B89 /* ViewController.h */,
				F9D14CE41DEEEB61002E4B89 /* ViewController.m */,
				F9D14CE61DEEEB61002E4B89 /* Main.storyboard */,
				F9D14CE91DEEEB61002E4B89 /* Assets.xcassets */,
				F9D14CEB1DEEEB61002E4B89 /* LaunchScreen.storyboard */,
				F9D14CEE1DEEEB61002E4B89 /* Info.plist */,
				F9D14CDD1DEEEB61002E4B89 /* Supporting Files */,
			);
			path = DHNCalender;
			sourceTree = "<group>";
		};
		F9D14CDD1DEEEB61002E4B89 /* Supporting Files */ = {
			isa = PBXGroup;
			children = (
				F9D14CDE1DEEEB61002E4B89 /* main.m */,
			);
			name = "Supporting Files";
			sourceTree = "<group>";
		};
/* End PBXGroup section */

/* Begin PBXNativeTarget section */
		F9D14CD91DEEEB61002E4B89 /* DHNCalender */ = {
			isa = PBXNativeTarget;
			buildConfigurationList = F9D14CF11DEEEB61002E4B89 /* Build configuration list for PBXNativeTarget "DHNCalender" */;
			buildPhases = (
				F9D14CD61DEEEB61002E4B89 /* Sources */,
				F9D14CD71DEEEB61002E4B89 /* Frameworks */,
				F9D14CD81DEEEB61002E4B89 /* Resources */,
			);
			buildRules = (
			);
			dependencies = (
			);
			name = DHNCalender;
			productName = DHNCalender;
			productReference = F9D14CDA1DEEEB61002E4B89 /* DHNCalender.app */;
			productType = "com.apple.product-type.application";
		};
/* End PBXNativeTarget section */

/* Begin PBXProject section */
		F9D14CD21DEEEB61002E4B89 /* Project object */ = {
			isa = PBXProject;
			attributes = {
				LastUpgradeCheck = 0810;
				ORGANIZATIONNAME = "Paul, Subhajit (US - Bengaluru)";
				TargetAttributes = {
					F9D14CD91DEEEB61002E4B89 = {
						CreatedOnToolsVersion = 8.1;
						DevelopmentTeam = UMW3NKDH68;
						ProvisioningStyle = Automatic;
					};
				};
			};
			buildConfigurationList = F9D14CD51DEEEB61002E4B89 /* Build configuration list for PBXProject "DHNCalender" */;
			compatibilityVersion = "Xcode 3.2";
			developmentRegion = English;
			hasScannedForEncodings = 0;
			knownRegions = (
				en,
				Base,
			);
			mainGroup = F9D14CD11DEEEB61002E4B89;
			productRefGroup = F9D14CDB1DEEEB61002E4B89 /* Products */;
			projectDirPath = "";
			projectRoot = "";
			targets = (
				F9D14CD91DEEEB61002E4B89 /* DHNCalender */,
			);
		};
/* End PBXProject section */

/* Begin PBXResourcesBuildPhase section */
		F9D14CD81DEEEB61002E4B89 /* Resources */ = {
			isa = PBXResourcesBuildPhase;
			buildActionMask = 2147483647;
			files = (
				F9D14CED1DEEEB61002E4B89 /* LaunchScreen.storyboard in Resources */,
				F9D14CEA1DEEEB61002E4B89 /* Assets.xcassets in Resources */,
				F9D14CE81DEEEB61002E4B89 /* Main.storyboard in Resources */,
			);
			runOnlyForDeploymentPostprocessing = 0;
		};
/* End PBXResourcesBuildPhase section */

/* Begin PBXSourcesBuildPhase section */
		F9D14CD61DEEEB61002E4B89 /* Sources */ = {
			isa = PBXSourcesBuildPhase;
			buildActionMask = 2147483647;
			files = (
				F9D14CE51DEEEB61002E4B89 /* ViewController.m in Sources */,
				F9D14CE21DEEEB61002E4B89 /* AppDelegate.m in Sources */,
				F9D14CDF1DEEEB61002E4B89 /* main.m in Sources */,
			);
			runOnlyForDeploymentPostprocessing = 0;
		};
/* End PBXSourcesBuildPhase section */

/* Begin PBXVariantGroup section */
		F9D14CE61DEEEB61002E4B89 /* Main.storyboard */ = {
			isa = PBXVariantGroup;
			children = (
				F9D14CE71DEEEB61002E4B89 /* Base */,
			);
			name = Main.storyboard;
			sourceTree = "<group>";
		};
		F9D14CEB1DEEEB61002E4B89 /* LaunchScreen.storyboard */ = {
			isa = PBXVariantGroup;
			children = (
				F9D14CEC1DEEEB61002E4B89 /* Base */,
			);
			name = LaunchScreen.storyboard;
			sourceTree = "<group>";
		};
/* End PBXVariantGroup section */

/* Begin XCBuildConfiguration section */
		F9D14CEF1DEEEB61002E4B89 /* Debug */ = {
			isa = XCBuildConfiguration;
			buildSettings = {
				ALWAYS_SEARCH_USER_PATHS = NO;
				CLANG_ANALYZER_NONNULL = YES;
				CLANG_CXX_LANGUAGE_STANDARD = "gnu++0x";
				CLANG_CXX_LIBRARY = "libc++";
				CLANG_ENABLE_MODULES = YES;
				CLANG_ENABLE_OBJC_ARC = YES;
				CLANG_WARN_BOOL_CONVERSION = YES;
				CLANG_WARN_CONSTANT_CONVERSION = YES;
				CLANG_WARN_DIRECT_OBJC_ISA_USAGE = YES_ERROR;
				CLANG_WARN_DOCUMENTATION_COMMENTS = YES;
				CLANG_WARN_EMPTY_BODY = YES;
				CLANG_WARN_ENUM_CONVERSION = YES;
				CLANG_WARN_INFINITE_RECURSION = YES;
				CLANG_WARN_INT_CONVERSION = YES;
				CLANG_WARN_OBJC_ROOT_CLASS = YES_ERROR;
				CLANG_WARN_SUSPICIOUS_MOVES = YES;
				CLANG_WARN_UNREACHABLE_CODE = YES;
				CLANG_WARN__DUPLICATE_METHOD_MATCH = YES;
				"CODE_SIGN_IDENTITY[sdk=iphoneos*]" = "iPhone Developer";
				COPY_PHASE_STRIP = NO;
				DEBUG_INFORMATION_FORMAT = dwarf;
				ENABLE_STRICT_OBJC_MSGSEND = YES;
				ENABLE_TESTABILITY = YES;
				GCC_C_LANGUAGE_STANDARD = gnu99;
				GCC_DYNAMIC_NO_PIC = NO;
				GCC_NO_COMMON_BLOCKS = YES;
				GCC_OPTIMIZATION_LEVEL = 0;
				GCC_PREPROCESSOR_DEFINITIONS = (
					"DEBUG=1",
					"$(inherited)",
				);
				GCC_WARN_64_TO_32_BIT_CONVERSION = YES;
				GCC_WARN_ABOUT_RETURN_TYPE = YES_ERROR;
				GCC_WARN_UNDECLARED_SELECTOR = YES;
				GCC_WARN_UNINITIALIZED_AUTOS = YES_AGGRESSIVE;
				GCC_WARN_UNUSED_FUNCTION = YES;
				GCC_WARN_UNUSED_VARIABLE = YES;
				IPHONEOS_DEPLOYMENT_TARGET = 10.1;
				MTL_ENABLE_DEBUG_INFO = YES;
				ONLY_ACTIVE_ARCH = YES;
				SDKROOT = iphoneos;
			};
			name = Debug;
		};
		F9D14CF01DEEEB61002E4B89 /* Release */ = {
			isa = XCBuildConfiguration;
			buildSettings = {
				ALWAYS_SEARCH_USER_PATHS = NO;
				CLANG_ANALYZER_NONNULL = YES;
				CLANG_CXX_LANGUAGE_STANDARD = "gnu++0x";
				CLANG_CXX_LIBRARY = "libc++";
				CLANG_ENABLE_MODULES = YES;
				CLANG_ENABLE_OBJC_ARC = YES;
				CLANG_WARN_BOOL_CONVERSION = YES;
				CLANG_WARN_CONSTANT_CONVERSION = YES;
				CLANG_WARN_DIRECT_OBJC_ISA_USAGE = YES_ERROR;
				CLANG_WARN_DOCUMENTATION_COMMENTS = YES;
				CLANG_WARN_EMPTY_BODY = YES;
				CLANG_WARN_ENUM_CONVERSION = YES;
				CLANG_WARN_INFINITE_RECURSION = YES;
				CLANG_WARN_INT_CONVERSION = YES;
				CLANG_WARN_OBJC_ROOT_CLASS = YES_ERROR;
				CLANG_WARN_SUSPICIOUS_MOVES = YES;
				CLANG_WARN_UNREACHABLE_CODE = YES;
				CLANG_WARN__DUPLICATE_METHOD_MATCH = YES;
				"CODE_SIGN_IDENTITY[sdk=iphoneos*]" = "iPhone Developer";
				COPY_PHASE_STRIP = NO;
				DEBUG_INFORMATION_FORMAT = "dwarf-with-dsym";
				ENABLE_NS_ASSERTIONS = NO;
				ENABLE_STRICT_OBJC_MSGSEND = YES;
				GCC_C_LANGUAGE_STANDARD = gnu99;
				GCC_NO_COMMON_BLOCKS = YES;
				GCC_WARN_64_TO_32_BIT_CONVERSION = YES;
				GCC_WARN_ABOUT_RETURN_TYPE = YES_ERROR;
				GCC_WARN_UNDECLARED_SELECTOR = YES;
				GCC_WARN_UNINITIALIZED_AUTOS = YES_AGGRESSIVE;
				GCC_WARN_UNUSED_FUNCTION = YES;
				GCC_WARN_UNUSED_VARIABLE = YES;
				IPHONEOS_DEPLOYMENT_TARGET = 10.1;
				MTL_ENABLE_DEBUG_INFO = NO;
				SDKROOT = iphoneos;
				VALIDATE_PRODUCT = YES;
			};
			name = Release;
		};
		F9D14CF21DEEEB61002E4B89 /* Debug */ = {
			isa = XCBuildConfiguration;
			buildSettings = {
				ASSETCATALOG_COMPILER_APPICON_NAME = AppIcon;
				DEVELOPMENT_TEAM = UMW3NKDH68;
				INFOPLIST_FILE = DHNCalender/Info.plist;
				LD_RUNPATH_SEARCH_PATHS = "$(inherited) @executable_path/Frameworks";
				PRODUCT_BUNDLE_IDENTIFIER = com.underground.com.DHNCalender;
				PRODUCT_NAME = "$(TARGET_NAME)";
			};
			name = Debug;
		};
		F9D14CF31DEEEB61002E4B89 /* Release */ = {
			isa = XCBuildConfiguration;
			buildSettings = {
				ASSETCATALOG_COMPILER_APPICON_NAME = AppIcon;
				DEVELOPMENT_TEAM = UMW3NKDH68;
				INFOPLIST_FILE = DHNCalender/Info.plist;
				LD_RUNPATH_SEARCH_PATHS = "$(inherited) @executable_path/Frameworks";
				PRODUCT_BUNDLE_IDENTIFIER = com.underground.com.DHNCalender;
				PRODUCT_NAME = "$(TARGET_NAME)";
			};
			name = Release;
		};
/* End XCBuildConfiguration section */

/* Begin XCConfigurationList section */
		F9D14CD51DEEEB61002E4B89 /* Build configuration list for PBXProject "DHNCalender" */ = {
			isa = XCConfigurationList;
			buildConfigurations = (
				F9D14CEF1DEEEB61002E4B89 /* Debug */,
				F9D14CF01DEEEB61002E4B89 /* Release */,
			);
			defaultConfigurationIsVisible = 0;
			defaultConfigurationName = Release;
		};
		F9D14CF11DEEEB61002E4B89 /* Build configuration list for PBXNativeTarget "DHNCalender" */ = {
			isa = XCConfigurationList;
			buildConfigurations = (
				F9D14CF21DEEEB61002E4B89 /* Debug */,
				F9D14CF31DEEEB61002E4B89 /* Release */,
			);
			defaultConfigurationIsVisible = 0;
		};
/* End XCConfigurationList section */
	};
	rootObject = F9D14CD21DEEEB61002E4B89 /* Project object */;
}
